
Microsoft Visual Studio Solution File, Format Version 12.00
# Visual Studio 15
VisualStudioVersion = 15.0.28307.1340
MinimumVisualStudioVersion = 10.0.40219.1
Project("{9A19103F-16F7-4668-BE54-9A1E7A4F7556}") = "guispin", "guispin\guispin.csproj", "{AE19F751-DD7B-4281-9EBB-BB9E34535FEC}"
EndProject
Global
	GlobalSection(SolutionConfigurationPlatforms) = preSolution
		Debug|Any CPU = Debug|Any CPU
		Release|Any CPU = Release|Any CPU
	EndGlobalSection
	GlobalSection(ProjectConfigurationPlatforms) = postSolution
		{AE19F751-DD7B-4281-9EBB-BB9E34535FEC}.Debug|Any CPU.ActiveCfg = Debug|Any CPU
		{AE19F751-DD7B-4281-9EBB-BB9E34535FEC}.Debug|Any CPU.Build.0 = Debug|Any CPU
		{AE19F751-DD7B-4281-9EBB-BB9E34535FEC}.Release|Any CPU.ActiveCfg = Release|Any CPU
		{AE19F751-DD7B-4281-9EBB-BB9E34535FEC}.Release|Any CPU.Build.0 = Release|Any CPU
	EndGlobalSection
	GlobalSection(SolutionProperties) = preSolution
		HideSolutionNode = FALSE
	EndGlobalSection
	GlobalSection(ExtensibilityGlobals) = postSolution
		SolutionGuid = {1F6C44AC-C42E-4E50-92A0-DF28A24A1E26}
	EndGlobalSection
EndGlobal
